
Microsoft Visual Studio Solution File, Format Version 12.00
# Visual Studio Version 17
VisualStudioVersion = 17.12.35707.178
MinimumVisualStudioVersion = 10.0.40219.1
Project("{FAE04EC0-301F-11D3-BF4B-00C04F79EFBC}") = "GraphicDesign.DataAccounting", "GraphicDesign.DataAccounting\GraphicDesign.DataAccounting.csproj", "{FFBC59C9-770B-4999-87E1-7AE13B30265D}"
EndProject
Project("{FAE04EC0-301F-11D3-BF4B-00C04F79EFBC}") = "Common", "Common\Common.csproj", "{8364E1F5-5BD3-4C5B-A3FE-43D4C750B7B4}"
EndProject
Project("{FAE04EC0-301F-11D3-BF4B-00C04F79EFBC}") = "GraphicDesign.UI", "GraphicDesign.UI\GraphicDesign.UI.csproj", "{4B18674D-9F3B-4198-A89C-CE0FE7703B95}"
EndProject
Project("{2150E333-8FDC-42A3-9474-1A3956D46DE8}") = "Applications", "Applications", "{8925A559-E76A-4128-A19E-AAEC4E373283}"
EndProject
Project("{2150E333-8FDC-42A3-9474-1A3956D46DE8}") = "CommonLibraries", "CommonLibraries", "{B96EDC15-A30C-4F98-9D00-D29D01396551}"
EndProject
Project("{2150E333-8FDC-42A3-9474-1A3956D46DE8}") = "SubjectAreaLibraries", "SubjectAreaLibraries", "{4C0C7BD8-59A5-42CD-BA9E-04E2AD0CAFDD}"
EndProject
Project("{FAE04EC0-301F-11D3-BF4B-00C04F79EFBC}") = "Common.Formatting.Tables", "Common.Formatting.Tables\Common.Formatting.Tables.csproj", "{B7BDEC68-E3B5-4725-98D4-4F7DF2A8A392}"
EndProject
Global
	GlobalSection(SolutionConfigurationPlatforms) = preSolution
		Debug|Any CPU = Debug|Any CPU
		Release|Any CPU = Release|Any CPU
	EndGlobalSection
	GlobalSection(ProjectConfigurationPlatforms) = postSolution
		{FFBC59C9-770B-4999-87E1-7AE13B30265D}.Debug|Any CPU.ActiveCfg = Debug|Any CPU
		{FFBC59C9-770B-4999-87E1-7AE13B30265D}.Debug|Any CPU.Build.0 = Debug|Any CPU
		{FFBC59C9-770B-4999-87E1-7AE13B30265D}.Release|Any CPU.ActiveCfg = Release|Any CPU
		{FFBC59C9-770B-4999-87E1-7AE13B30265D}.Release|Any CPU.Build.0 = Release|Any CPU
		{8364E1F5-5BD3-4C5B-A3FE-43D4C750B7B4}.Debug|Any CPU.ActiveCfg = Debug|Any CPU
		{8364E1F5-5BD3-4C5B-A3FE-43D4C750B7B4}.Debug|Any CPU.Build.0 = Debug|Any CPU
		{8364E1F5-5BD3-4C5B-A3FE-43D4C750B7B4}.Release|Any CPU.ActiveCfg = Release|Any CPU
		{8364E1F5-5BD3-4C5B-A3FE-43D4C750B7B4}.Release|Any CPU.Build.0 = Release|Any CPU
		{4B18674D-9F3B-4198-A89C-CE0FE7703B95}.Debug|Any CPU.ActiveCfg = Debug|Any CPU
		{4B18674D-9F3B-4198-A89C-CE0FE7703B95}.Debug|Any CPU.Build.0 = Debug|Any CPU
		{4B18674D-9F3B-4198-A89C-CE0FE7703B95}.Release|Any CPU.ActiveCfg = Release|Any CPU
		{4B18674D-9F3B-4198-A89C-CE0FE7703B95}.Release|Any CPU.Build.0 = Release|Any CPU
		{B7BDEC68-E3B5-4725-98D4-4F7DF2A8A392}.Debug|Any CPU.ActiveCfg = Debug|Any CPU
		{B7BDEC68-E3B5-4725-98D4-4F7DF2A8A392}.Debug|Any CPU.Build.0 = Debug|Any CPU
		{B7BDEC68-E3B5-4725-98D4-4F7DF2A8A392}.Release|Any CPU.ActiveCfg = Release|Any CPU
		{B7BDEC68-E3B5-4725-98D4-4F7DF2A8A392}.Release|Any CPU.Build.0 = Release|Any CPU
	EndGlobalSection
	GlobalSection(SolutionProperties) = preSolution
		HideSolutionNode = FALSE
	EndGlobalSection
	GlobalSection(NestedProjects) = preSolution
		{FFBC59C9-770B-4999-87E1-7AE13B30265D} = {8925A559-E76A-4128-A19E-AAEC4E373283}
		{8364E1F5-5BD3-4C5B-A3FE-43D4C750B7B4} = {B96EDC15-A30C-4F98-9D00-D29D01396551}
		{4B18674D-9F3B-4198-A89C-CE0FE7703B95} = {4C0C7BD8-59A5-42CD-BA9E-04E2AD0CAFDD}
	EndGlobalSection
EndGlobal
